
Microsoft Visual Studio Solution File, Format Version 12.00
# Visual Studio Version 16
VisualStudioVersion = 16.0.30011.22
MinimumVisualStudioVersion = 10.0.40219.1
Project("{FAE04EC0-301F-11D3-BF4B-00C04F79EFBC}") = "CloudProducts", "CloudProducts.csproj", "{46F046DC-CA97-4B5E-BB10-9F43093C318E}"
EndProject
Global
	GlobalSection(SolutionConfigurationPlatforms) = preSolution
		Debug|Any CPU = Debug|Any CPU
		Release|Any CPU = Release|Any CPU
	EndGlobalSection
	GlobalSection(ProjectConfigurationPlatforms) = postSolution
		{46F046DC-CA97-4B5E-BB10-9F43093C318E}.Debug|Any CPU.ActiveCfg = Debug|Any CPU
		{46F046DC-CA97-4B5E-BB10-9F43093C318E}.Debug|Any CPU.Build.0 = Debug|Any CPU
		{46F046DC-CA97-4B5E-BB10-9F43093C318E}.Release|Any CPU.ActiveCfg = Release|Any CPU
		{46F046DC-CA97-4B5E-BB10-9F43093C318E}.Release|Any CPU.Build.0 = Release|Any CPU
	EndGlobalSection
	GlobalSection(SolutionProperties) = preSolution
		HideSolutionNode = FALSE
	EndGlobalSection
	GlobalSection(ExtensibilityGlobals) = postSolution
		SolutionGuid = {6EFEA50A-22CA-4F04-9BF2-F2B624C5F8F9}
	EndGlobalSection
EndGlobal
